
Microsoft Visual Studio Solution File, Format Version 12.00
# Visual Studio Version 16
VisualStudioVersion = 16.0.29025.244
MinimumVisualStudioVersion = 10.0.40219.1
Project("{FAE04EC0-301F-11D3-BF4B-00C04F79EFBC}") = "ConsoleAppDesignPatternsStrategy", "ConsoleAppDesignPatternsStrategy\ConsoleAppDesignPatternsStrategy.csproj", "{DCAD8D0F-6ED1-42E2-90BA-C8ECC4AD0027}"
EndProject
Global
	GlobalSection(SolutionConfigurationPlatforms) = preSolution
		Debug|Any CPU = Debug|Any CPU
		Release|Any CPU = Release|Any CPU
	EndGlobalSection
	GlobalSection(ProjectConfigurationPlatforms) = postSolution
		{DCAD8D0F-6ED1-42E2-90BA-C8ECC4AD0027}.Debug|Any CPU.ActiveCfg = Debug|Any CPU
		{DCAD8D0F-6ED1-42E2-90BA-C8ECC4AD0027}.Debug|Any CPU.Build.0 = Debug|Any CPU
		{DCAD8D0F-6ED1-42E2-90BA-C8ECC4AD0027}.Release|Any CPU.ActiveCfg = Release|Any CPU
		{DCAD8D0F-6ED1-42E2-90BA-C8ECC4AD0027}.Release|Any CPU.Build.0 = Release|Any CPU
	EndGlobalSection
	GlobalSection(SolutionProperties) = preSolution
		HideSolutionNode = FALSE
	EndGlobalSection
	GlobalSection(ExtensibilityGlobals) = postSolution
		SolutionGuid = {76B84475-CB11-405F-A459-7B7550D02986}
	EndGlobalSection
EndGlobal
